
Microsoft Visual Studio Solution File, Format Version 12.00
# Visual Studio Version 17
VisualStudioVersion = 17.10.35027.167
MinimumVisualStudioVersion = 10.0.40219.1
Project("{FAE04EC0-301F-11D3-BF4B-00C04F79EFBC}") = "DeepSeekTranslate", "DeepSeekTranslate\DeepSeekTranslate.csproj", "{9927471D-AE49-488D-9ADE-0D221E75862D}"
EndProject
Global
	GlobalSection(SolutionConfigurationPlatforms) = preSolution
		Debug|Any CPU = Debug|Any CPU
		Release|Any CPU = Release|Any CPU
	EndGlobalSection
	GlobalSection(ProjectConfigurationPlatforms) = postSolution
		{9927471D-AE49-488D-9ADE-0D221E75862D}.Debug|Any CPU.ActiveCfg = Debug|Any CPU
		{9927471D-AE49-488D-9ADE-0D221E75862D}.Debug|Any CPU.Build.0 = Debug|Any CPU
		{9927471D-AE49-488D-9ADE-0D221E75862D}.Release|Any CPU.ActiveCfg = Release|Any CPU
		{9927471D-AE49-488D-9ADE-0D221E75862D}.Release|Any CPU.Build.0 = Release|Any CPU
	EndGlobalSection
	GlobalSection(SolutionProperties) = preSolution
		HideSolutionNode = FALSE
	EndGlobalSection
	GlobalSection(ExtensibilityGlobals) = postSolution
		SolutionGuid = {EBE747DB-4AB6-43A8-8A0E-DE4A7FE741B9}
	EndGlobalSection
EndGlobal
